
Microsoft Visual Studio Solution File, Format Version 12.00
# Visual Studio 15
Project("{FAE04EC0-301F-11D3-BF4B-00C04F79EFBC}") = "TinyCrm", "TinyCrm\TinyCrm.csproj", "{DB3FAB63-2599-4AD4-8200-48E7417A1C9B}"
EndProject
Project("{FAE04EC0-301F-11D3-BF4B-00C04F79EFBC}") = "TinyCrm.Core", "TinyCrm.Core\TinyCrm.Core.csproj", "{AB809F80-44DA-4E6B-9284-27A86CB89B2F}"
EndProject
Project("{FAE04EC0-301F-11D3-BF4B-00C04F79EFBC}") = "TinyCrm.Web", "TinyCrm.Web\TinyCrm.Web.csproj", "{32A0ADC7-BC73-4892-AAA0-9FFB3BCF1C93}"
EndProject
Global
	GlobalSection(SolutionConfigurationPlatforms) = preSolution
		Debug|Any CPU = Debug|Any CPU
		Release|Any CPU = Release|Any CPU
	EndGlobalSection
	GlobalSection(ProjectConfigurationPlatforms) = postSolution
		{DB3FAB63-2599-4AD4-8200-48E7417A1C9B}.Debug|Any CPU.ActiveCfg = Debug|Any CPU
		{DB3FAB63-2599-4AD4-8200-48E7417A1C9B}.Debug|Any CPU.Build.0 = Debug|Any CPU
		{DB3FAB63-2599-4AD4-8200-48E7417A1C9B}.Release|Any CPU.ActiveCfg = Release|Any CPU
		{DB3FAB63-2599-4AD4-8200-48E7417A1C9B}.Release|Any CPU.Build.0 = Release|Any CPU
		{AB809F80-44DA-4E6B-9284-27A86CB89B2F}.Debug|Any CPU.ActiveCfg = Debug|Any CPU
		{AB809F80-44DA-4E6B-9284-27A86CB89B2F}.Debug|Any CPU.Build.0 = Debug|Any CPU
		{AB809F80-44DA-4E6B-9284-27A86CB89B2F}.Release|Any CPU.ActiveCfg = Release|Any CPU
		{AB809F80-44DA-4E6B-9284-27A86CB89B2F}.Release|Any CPU.Build.0 = Release|Any CPU
		{32A0ADC7-BC73-4892-AAA0-9FFB3BCF1C93}.Debug|Any CPU.ActiveCfg = Debug|Any CPU
		{32A0ADC7-BC73-4892-AAA0-9FFB3BCF1C93}.Debug|Any CPU.Build.0 = Debug|Any CPU
		{32A0ADC7-BC73-4892-AAA0-9FFB3BCF1C93}.Release|Any CPU.ActiveCfg = Release|Any CPU
		{32A0ADC7-BC73-4892-AAA0-9FFB3BCF1C93}.Release|Any CPU.Build.0 = Release|Any CPU
	EndGlobalSection
EndGlobal
